
Microsoft Visual Studio Solution File, Format Version 12.00
# Visual Studio 15
VisualStudioVersion = 15.0.28307.705
MinimumVisualStudioVersion = 10.0.40219.1
Project("{9A19103F-16F7-4668-BE54-9A1E7A4F7556}") = "FahrradwegenetzConverter", "FahrradwegenetzConverter\FahrradwegenetzConverter.csproj", "{0C188D7C-E026-493F-99D4-6FB772D290F2}"
EndProject
Project("{FAE04EC0-301F-11D3-BF4B-00C04F79EFBC}") = "NodeToWayConverter", "NodeToWayConverter\NodeToWayConverter.csproj", "{809B0B11-659B-401D-BBBA-CD59000E064E}"
EndProject
Global
	GlobalSection(SolutionConfigurationPlatforms) = preSolution
		Debug|Any CPU = Debug|Any CPU
		Release|Any CPU = Release|Any CPU
	EndGlobalSection
	GlobalSection(ProjectConfigurationPlatforms) = postSolution
		{0C188D7C-E026-493F-99D4-6FB772D290F2}.Debug|Any CPU.ActiveCfg = Debug|Any CPU
		{0C188D7C-E026-493F-99D4-6FB772D290F2}.Debug|Any CPU.Build.0 = Debug|Any CPU
		{0C188D7C-E026-493F-99D4-6FB772D290F2}.Release|Any CPU.ActiveCfg = Release|Any CPU
		{0C188D7C-E026-493F-99D4-6FB772D290F2}.Release|Any CPU.Build.0 = Release|Any CPU
		{809B0B11-659B-401D-BBBA-CD59000E064E}.Debug|Any CPU.ActiveCfg = Debug|Any CPU
		{809B0B11-659B-401D-BBBA-CD59000E064E}.Debug|Any CPU.Build.0 = Debug|Any CPU
		{809B0B11-659B-401D-BBBA-CD59000E064E}.Release|Any CPU.ActiveCfg = Release|Any CPU
		{809B0B11-659B-401D-BBBA-CD59000E064E}.Release|Any CPU.Build.0 = Release|Any CPU
	EndGlobalSection
	GlobalSection(SolutionProperties) = preSolution
		HideSolutionNode = FALSE
	EndGlobalSection
	GlobalSection(ExtensibilityGlobals) = postSolution
		SolutionGuid = {0ABD7AFE-172E-491B-8E02-961CDBF5D199}
	EndGlobalSection
EndGlobal
